// !$*UTF8*$!
{
	archiveVersion = 1;
	classes = {
	};
	objectVersion = 56;
	objects = {

/* Begin PBXBuildFile section */
		73600DE82A72B59C00F9FE87 /* LoginViewController.swift in Sources */ = {isa = PBXBuildFile; fileRef = 73600DE72A72B59C00F9FE87 /* LoginViewController.swift */; };
		73600DEA2A72C84100F9FE87 /* AgreementViewController.swift in Sources */ = {isa = PBXBuildFile; fileRef = 73600DE92A72C84100F9FE87 /* AgreementViewController.swift */; };
		73600DFE2A7B5C7600F9FE87 /* NicknameViewController.swift in Sources */ = {isa = PBXBuildFile; fileRef = 73600DFD2A7B5C7600F9FE87 /* NicknameViewController.swift */; };
		73600E022A7B749700F9FE87 /* String+.swift in Sources */ = {isa = PBXBuildFile; fileRef = 73600E012A7B749700F9FE87 /* String+.swift */; };
		73600E052A7B7D6600F9FE87 /* IQKeyboardManagerSwift in Frameworks */ = {isa = PBXBuildFile; productRef = 73600E042A7B7D6600F9FE87 /* IQKeyboardManagerSwift */; };
		73600E072A7B801E00F9FE87 /* UserInfoViewController.swift in Sources */ = {isa = PBXBuildFile; fileRef = 73600E062A7B801E00F9FE87 /* UserInfoViewController.swift */; };
		73600E092A7F707800F9FE87 /* TeamCodeViewController.swift in Sources */ = {isa = PBXBuildFile; fileRef = 73600E082A7F707800F9FE87 /* TeamCodeViewController.swift */; };
		7390EF552A8B45410042A0A3 /* UserInfoChangeViewController.swift in Sources */ = {isa = PBXBuildFile; fileRef = 7390EF542A8B45410042A0A3 /* UserInfoChangeViewController.swift */; };
		7390EF572A8C8EF60042A0A3 /* UIButton+.swift in Sources */ = {isa = PBXBuildFile; fileRef = 7390EF562A8C8EF60042A0A3 /* UIButton+.swift */; };
		7390EF592A8CB7680042A0A3 /* NotificationSettingViewController.swift in Sources */ = {isa = PBXBuildFile; fileRef = 7390EF582A8CB7680042A0A3 /* NotificationSettingViewController.swift */; };
		7390EF5C2A8D0AD40042A0A3 /* MyPageCell.swift in Sources */ = {isa = PBXBuildFile; fileRef = 7390EF5B2A8D0AD40042A0A3 /* MyPageCell.swift */; };
		7390EF5E2A8D2DD30042A0A3 /* CGFloat+.swift in Sources */ = {isa = PBXBuildFile; fileRef = 7390EF5D2A8D2DD30042A0A3 /* CGFloat+.swift */; };
		7390EF602A8D37660042A0A3 /* InfoCell.swift in Sources */ = {isa = PBXBuildFile; fileRef = 7390EF5F2A8D37660042A0A3 /* InfoCell.swift */; };
		7390EF622A8D37C80042A0A3 /* InfoViewController.swift in Sources */ = {isa = PBXBuildFile; fileRef = 7390EF612A8D37C80042A0A3 /* InfoViewController.swift */; };
		7390EF652A8DE6EE0042A0A3 /* LoginViewModel.swift in Sources */ = {isa = PBXBuildFile; fileRef = 7390EF642A8DE6EE0042A0A3 /* LoginViewModel.swift */; };
		7390EF682A8DE7470042A0A3 /* LoginProvider.swift in Sources */ = {isa = PBXBuildFile; fileRef = 7390EF672A8DE7470042A0A3 /* LoginProvider.swift */; };
		7390EF6B2A8DE8160042A0A3 /* LoginService.swift in Sources */ = {isa = PBXBuildFile; fileRef = 7390EF6A2A8DE8160042A0A3 /* LoginService.swift */; };
		7390EF6D2A8DF74E0042A0A3 /* APIManager.swift in Sources */ = {isa = PBXBuildFile; fileRef = 7390EF6C2A8DF74E0042A0A3 /* APIManager.swift */; };
		7390EF732A8DF7DF0042A0A3 /* GeneralModel.swift in Sources */ = {isa = PBXBuildFile; fileRef = 7390EF722A8DF7DF0042A0A3 /* GeneralModel.swift */; };
		7390EF762A8DFC4A0042A0A3 /* LoginModel.swift in Sources */ = {isa = PBXBuildFile; fileRef = 7390EF752A8DFC4A0042A0A3 /* LoginModel.swift */; };
		7390EF782A8E75410042A0A3 /* GoogleService-Info.plist in Resources */ = {isa = PBXBuildFile; fileRef = 7390EF772A8E75410042A0A3 /* GoogleService-Info.plist */; };
		7390EF7B2A8E75D70042A0A3 /* FirebaseAuth in Frameworks */ = {isa = PBXBuildFile; productRef = 7390EF7A2A8E75D70042A0A3 /* FirebaseAuth */; };
		7390EF7D2A8E75D70042A0A3 /* FirebaseFirestore in Frameworks */ = {isa = PBXBuildFile; productRef = 7390EF7C2A8E75D70042A0A3 /* FirebaseFirestore */; };
		7390EF7F2A8E75D70042A0A3 /* FirebaseFirestoreSwift in Frameworks */ = {isa = PBXBuildFile; productRef = 7390EF7E2A8E75D70042A0A3 /* FirebaseFirestoreSwift */; };
		7390EF812A8E75D70042A0A3 /* FirebaseStorage in Frameworks */ = {isa = PBXBuildFile; productRef = 7390EF802A8E75D70042A0A3 /* FirebaseStorage */; };
		7390EF832A8E75F50042A0A3 /* FirebaseStorageManager.swift in Sources */ = {isa = PBXBuildFile; fileRef = 7390EF822A8E75F50042A0A3 /* FirebaseStorageManager.swift */; };
		7390EF862A8E88FB0042A0A3 /* MypageService.swift in Sources */ = {isa = PBXBuildFile; fileRef = 7390EF852A8E88FA0042A0A3 /* MypageService.swift */; };
		7390EF892A8E890D0042A0A3 /* MypageViewModel.swift in Sources */ = {isa = PBXBuildFile; fileRef = 7390EF882A8E890D0042A0A3 /* MypageViewModel.swift */; };
		7390EF8C2A8E90D40042A0A3 /* MypageModel.swift in Sources */ = {isa = PBXBuildFile; fileRef = 7390EF8B2A8E90D40042A0A3 /* MypageModel.swift */; };
		7390EF8F2A8E92FB0042A0A3 /* Kingfisher in Frameworks */ = {isa = PBXBuildFile; productRef = 7390EF8E2A8E92FB0042A0A3 /* Kingfisher */; };
		7397F2A62A8A79490032CC21 /* MypageMainViewController.swift in Sources */ = {isa = PBXBuildFile; fileRef = 7397F2A52A8A79480032CC21 /* MypageMainViewController.swift */; };
		FD33CE252A69063A00F4E5AE /* Alamofire in Frameworks */ = {isa = PBXBuildFile; productRef = FD33CE242A69063A00F4E5AE /* Alamofire */; };
		FD33CE282A69067800F4E5AE /* SnapKit in Frameworks */ = {isa = PBXBuildFile; productRef = FD33CE272A69067800F4E5AE /* SnapKit */; };
		FD33CE2D2A6906F200F4E5AE /* KakaoSDK in Frameworks */ = {isa = PBXBuildFile; productRef = FD33CE2C2A6906F200F4E5AE /* KakaoSDK */; };
		FD33CE302A69077000F4E5AE /* Color+.swift in Sources */ = {isa = PBXBuildFile; fileRef = FD33CE2F2A69077000F4E5AE /* Color+.swift */; };
		FDDCCF532A55930400FEDF8E /* AppDelegate.swift in Sources */ = {isa = PBXBuildFile; fileRef = FDDCCF522A55930400FEDF8E /* AppDelegate.swift */; };
		FDDCCF552A55930400FEDF8E /* SceneDelegate.swift in Sources */ = {isa = PBXBuildFile; fileRef = FDDCCF542A55930400FEDF8E /* SceneDelegate.swift */; };
		FDDCCF572A55930400FEDF8E /* ViewController.swift in Sources */ = {isa = PBXBuildFile; fileRef = FDDCCF562A55930400FEDF8E /* ViewController.swift */; };
		FDDCCF5A2A55930400FEDF8E /* Main.storyboard in Resources */ = {isa = PBXBuildFile; fileRef = FDDCCF582A55930400FEDF8E /* Main.storyboard */; };
		FDDCCF5C2A55930400FEDF8E /* Assets.xcassets in Resources */ = {isa = PBXBuildFile; fileRef = FDDCCF5B2A55930400FEDF8E /* Assets.xcassets */; };
		FDDCCF5F2A55930400FEDF8E /* LaunchScreen.storyboard in Resources */ = {isa = PBXBuildFile; fileRef = FDDCCF5D2A55930400FEDF8E /* LaunchScreen.storyboard */; };
/* End PBXBuildFile section */

/* Begin PBXFileReference section */
		73600DE72A72B59C00F9FE87 /* LoginViewController.swift */ = {isa = PBXFileReference; lastKnownFileType = sourcecode.swift; name = LoginViewController.swift; path = View/Login/LoginViewController.swift; sourceTree = SOURCE_ROOT; };
		73600DE92A72C84100F9FE87 /* AgreementViewController.swift */ = {isa = PBXFileReference; lastKnownFileType = sourcecode.swift; name = AgreementViewController.swift; path = View/Login/AgreementViewController.swift; sourceTree = SOURCE_ROOT; };
		73600DFD2A7B5C7600F9FE87 /* NicknameViewController.swift */ = {isa = PBXFileReference; lastKnownFileType = sourcecode.swift; name = NicknameViewController.swift; path = View/Login/NicknameViewController.swift; sourceTree = SOURCE_ROOT; };
		73600E012A7B749700F9FE87 /* String+.swift */ = {isa = PBXFileReference; lastKnownFileType = sourcecode.swift; path = "String+.swift"; sourceTree = "<group>"; };
		73600E062A7B801E00F9FE87 /* UserInfoViewController.swift */ = {isa = PBXFileReference; lastKnownFileType = sourcecode.swift; name = UserInfoViewController.swift; path = View/Login/UserInfoViewController.swift; sourceTree = SOURCE_ROOT; };
		73600E082A7F707800F9FE87 /* TeamCodeViewController.swift */ = {isa = PBXFileReference; lastKnownFileType = sourcecode.swift; name = TeamCodeViewController.swift; path = View/Login/TeamCodeViewController.swift; sourceTree = SOURCE_ROOT; };
		7390EF542A8B45410042A0A3 /* UserInfoChangeViewController.swift */ = {isa = PBXFileReference; lastKnownFileType = sourcecode.swift; name = UserInfoChangeViewController.swift; path = View/Mypage/UserInfoChangeViewController.swift; sourceTree = SOURCE_ROOT; };
		7390EF562A8C8EF60042A0A3 /* UIButton+.swift */ = {isa = PBXFileReference; lastKnownFileType = sourcecode.swift; path = "UIButton+.swift"; sourceTree = "<group>"; };
		7390EF582A8CB7680042A0A3 /* NotificationSettingViewController.swift */ = {isa = PBXFileReference; lastKnownFileType = sourcecode.swift; name = NotificationSettingViewController.swift; path = View/Mypage/NotificationSettingViewController.swift; sourceTree = SOURCE_ROOT; };
		7390EF5B2A8D0AD40042A0A3 /* MyPageCell.swift */ = {isa = PBXFileReference; lastKnownFileType = sourcecode.swift; name = MyPageCell.swift; path = View/Mypage/Cell/MyPageCell.swift; sourceTree = SOURCE_ROOT; };
		7390EF5D2A8D2DD30042A0A3 /* CGFloat+.swift */ = {isa = PBXFileReference; lastKnownFileType = sourcecode.swift; path = "CGFloat+.swift"; sourceTree = "<group>"; };
		7390EF5F2A8D37660042A0A3 /* InfoCell.swift */ = {isa = PBXFileReference; lastKnownFileType = sourcecode.swift; name = InfoCell.swift; path = View/Mypage/Cell/InfoCell.swift; sourceTree = SOURCE_ROOT; };
		7390EF612A8D37C80042A0A3 /* InfoViewController.swift */ = {isa = PBXFileReference; lastKnownFileType = sourcecode.swift; name = InfoViewController.swift; path = View/Mypage/InfoViewController.swift; sourceTree = SOURCE_ROOT; };
		7390EF642A8DE6EE0042A0A3 /* LoginViewModel.swift */ = {isa = PBXFileReference; lastKnownFileType = sourcecode.swift; name = LoginViewModel.swift; path = ViewModel/Login/LoginViewModel.swift; sourceTree = SOURCE_ROOT; };
		7390EF672A8DE7470042A0A3 /* LoginProvider.swift */ = {isa = PBXFileReference; lastKnownFileType = sourcecode.swift; path = LoginProvider.swift; sourceTree = "<group>"; };
		7390EF6A2A8DE8160042A0A3 /* LoginService.swift */ = {isa = PBXFileReference; lastKnownFileType = sourcecode.swift; name = LoginService.swift; path = Service/Login/LoginService.swift; sourceTree = SOURCE_ROOT; };
		7390EF6C2A8DF74E0042A0A3 /* APIManager.swift */ = {isa = PBXFileReference; lastKnownFileType = sourcecode.swift; name = APIManager.swift; path = Service/Login/APIManager.swift; sourceTree = SOURCE_ROOT; };
		7390EF722A8DF7DF0042A0A3 /* GeneralModel.swift */ = {isa = PBXFileReference; lastKnownFileType = sourcecode.swift; name = GeneralModel.swift; path = Model/General/GeneralModel.swift; sourceTree = SOURCE_ROOT; };
		7390EF752A8DFC4A0042A0A3 /* LoginModel.swift */ = {isa = PBXFileReference; lastKnownFileType = sourcecode.swift; name = LoginModel.swift; path = Model/Login/LoginModel.swift; sourceTree = SOURCE_ROOT; };
		7390EF772A8E75410042A0A3 /* GoogleService-Info.plist */ = {isa = PBXFileReference; fileEncoding = 4; lastKnownFileType = text.plist.xml; path = "GoogleService-Info.plist"; sourceTree = "<group>"; };
		7390EF822A8E75F50042A0A3 /* FirebaseStorageManager.swift */ = {isa = PBXFileReference; lastKnownFileType = sourcecode.swift; name = FirebaseStorageManager.swift; path = Model/Login/FirebaseStorageManager.swift; sourceTree = SOURCE_ROOT; };
		7390EF852A8E88FA0042A0A3 /* MypageService.swift */ = {isa = PBXFileReference; lastKnownFileType = sourcecode.swift; name = MypageService.swift; path = Service/Mypage/MypageService.swift; sourceTree = SOURCE_ROOT; };
		7390EF882A8E890D0042A0A3 /* MypageViewModel.swift */ = {isa = PBXFileReference; lastKnownFileType = sourcecode.swift; name = MypageViewModel.swift; path = ViewModel/Mypage/MypageViewModel.swift; sourceTree = SOURCE_ROOT; };
		7390EF8B2A8E90D40042A0A3 /* MypageModel.swift */ = {isa = PBXFileReference; lastKnownFileType = sourcecode.swift; name = MypageModel.swift; path = Model/Mypage/MypageModel.swift; sourceTree = SOURCE_ROOT; };
		7397F2A52A8A79480032CC21 /* MypageMainViewController.swift */ = {isa = PBXFileReference; lastKnownFileType = sourcecode.swift; name = MypageMainViewController.swift; path = View/Mypage/MypageMainViewController.swift; sourceTree = SOURCE_ROOT; };
		FD33CE2F2A69077000F4E5AE /* Color+.swift */ = {isa = PBXFileReference; lastKnownFileType = sourcecode.swift; path = "Color+.swift"; sourceTree = "<group>"; };
		FDDCCF4F2A55930400FEDF8E /* MyChore.app */ = {isa = PBXFileReference; explicitFileType = wrapper.application; includeInIndex = 0; path = MyChore.app; sourceTree = BUILT_PRODUCTS_DIR; };
		FDDCCF522A55930400FEDF8E /* AppDelegate.swift */ = {isa = PBXFileReference; lastKnownFileType = sourcecode.swift; path = AppDelegate.swift; sourceTree = "<group>"; };
		FDDCCF542A55930400FEDF8E /* SceneDelegate.swift */ = {isa = PBXFileReference; lastKnownFileType = sourcecode.swift; path = SceneDelegate.swift; sourceTree = "<group>"; };
		FDDCCF562A55930400FEDF8E /* ViewController.swift */ = {isa = PBXFileReference; lastKnownFileType = sourcecode.swift; path = ViewController.swift; sourceTree = "<group>"; };
		FDDCCF592A55930400FEDF8E /* Base */ = {isa = PBXFileReference; lastKnownFileType = file.storyboard; name = Base; path = Base.lproj/Main.storyboard; sourceTree = "<group>"; };
		FDDCCF5B2A55930400FEDF8E /* Assets.xcassets */ = {isa = PBXFileReference; lastKnownFileType = folder.assetcatalog; path = Assets.xcassets; sourceTree = "<group>"; };
		FDDCCF5E2A55930400FEDF8E /* Base */ = {isa = PBXFileReference; lastKnownFileType = file.storyboard; name = Base; path = Base.lproj/LaunchScreen.storyboard; sourceTree = "<group>"; };
		FDDCCF602A55930400FEDF8E /* Info.plist */ = {isa = PBXFileReference; lastKnownFileType = text.plist.xml; path = Info.plist; sourceTree = "<group>"; };
/* End PBXFileReference section */

/* Begin PBXFrameworksBuildPhase section */
		FDDCCF4C2A55930400FEDF8E /* Frameworks */ = {
			isa = PBXFrameworksBuildPhase;
			buildActionMask = 2147483647;
			files = (
				FD33CE252A69063A00F4E5AE /* Alamofire in Frameworks */,
				7390EF7B2A8E75D70042A0A3 /* FirebaseAuth in Frameworks */,
				73600E052A7B7D6600F9FE87 /* IQKeyboardManagerSwift in Frameworks */,
				7390EF8F2A8E92FB0042A0A3 /* Kingfisher in Frameworks */,
				7390EF7F2A8E75D70042A0A3 /* FirebaseFirestoreSwift in Frameworks */,
				FD33CE2D2A6906F200F4E5AE /* KakaoSDK in Frameworks */,
				7390EF812A8E75D70042A0A3 /* FirebaseStorage in Frameworks */,
				FD33CE282A69067800F4E5AE /* SnapKit in Frameworks */,
				7390EF7D2A8E75D70042A0A3 /* FirebaseFirestore in Frameworks */,
			);
			runOnlyForDeploymentPostprocessing = 0;
		};
/* End PBXFrameworksBuildPhase section */

/* Begin PBXGroup section */
		73600DE62A72B57C00F9FE87 /* Login */ = {
			isa = PBXGroup;
			children = (
				73600DE72A72B59C00F9FE87 /* LoginViewController.swift */,
				73600DE92A72C84100F9FE87 /* AgreementViewController.swift */,
				73600DFD2A7B5C7600F9FE87 /* NicknameViewController.swift */,
				73600E062A7B801E00F9FE87 /* UserInfoViewController.swift */,
				73600E082A7F707800F9FE87 /* TeamCodeViewController.swift */,
			);
			path = Login;
			sourceTree = "<group>";
		};
		7390EF5A2A8D0AB90042A0A3 /* Cell */ = {
			isa = PBXGroup;
			children = (
				7390EF5F2A8D37660042A0A3 /* InfoCell.swift */,
				7390EF5B2A8D0AD40042A0A3 /* MyPageCell.swift */,
			);
			path = Cell;
			sourceTree = "<group>";
		};
		7390EF632A8DE6D80042A0A3 /* Login */ = {
			isa = PBXGroup;
			children = (
				7390EF642A8DE6EE0042A0A3 /* LoginViewModel.swift */,
			);
			path = Login;
			sourceTree = "<group>";
		};
		7390EF662A8DE7380042A0A3 /* Enum */ = {
			isa = PBXGroup;
			children = (
				7390EF672A8DE7470042A0A3 /* LoginProvider.swift */,
			);
			path = Enum;
			sourceTree = "<group>";
		};
		7390EF692A8DE80C0042A0A3 /* Login */ = {
			isa = PBXGroup;
			children = (
				7390EF6A2A8DE8160042A0A3 /* LoginService.swift */,
			);
			path = Login;
			sourceTree = "<group>";
		};
		7390EF712A8DF7C60042A0A3 /* General */ = {
			isa = PBXGroup;
			children = (
				7390EF722A8DF7DF0042A0A3 /* GeneralModel.swift */,
			);
			path = General;
			sourceTree = "<group>";
		};
		7390EF742A8DFC410042A0A3 /* Login */ = {
			isa = PBXGroup;
			children = (
				7390EF752A8DFC4A0042A0A3 /* LoginModel.swift */,
			);
			path = Login;
			sourceTree = "<group>";
		};
		7390EF842A8E88EE0042A0A3 /* Mypage */ = {
			isa = PBXGroup;
			children = (
				7390EF852A8E88FA0042A0A3 /* MypageService.swift */,
			);
			path = Mypage;
			sourceTree = "<group>";
		};
		7390EF872A8E89000042A0A3 /* Mypage */ = {
			isa = PBXGroup;
			children = (
				7390EF882A8E890D0042A0A3 /* MypageViewModel.swift */,
			);
			path = Mypage;
			sourceTree = "<group>";
		};
		7390EF8A2A8E90C90042A0A3 /* Mypage */ = {
			isa = PBXGroup;
			children = (
				7390EF8B2A8E90D40042A0A3 /* MypageModel.swift */,
			);
			path = Mypage;
			sourceTree = "<group>";
		};
		7397F2A22A8A79100032CC21 /* Mypage */ = {
			isa = PBXGroup;
			children = (
				7390EF5A2A8D0AB90042A0A3 /* Cell */,
				7397F2A52A8A79480032CC21 /* MypageMainViewController.swift */,
				7390EF542A8B45410042A0A3 /* UserInfoChangeViewController.swift */,
				7390EF582A8CB7680042A0A3 /* NotificationSettingViewController.swift */,
				7390EF612A8D37C80042A0A3 /* InfoViewController.swift */,
			);
			path = Mypage;
			sourceTree = "<group>";
		};
		FD33CE1B2A69054000F4E5AE /* Domain */ = {
			isa = PBXGroup;
			children = (
				FD33CE202A6905B600F4E5AE /* Model */,
			);
			path = Domain;
			sourceTree = "<group>";
		};
		FD33CE1C2A69057400F4E5AE /* Presentation */ = {
			isa = PBXGroup;
			children = (
				FD33CE222A6905CD00F4E5AE /* View */,
				FD33CE212A6905C700F4E5AE /* ViewModel */,
			);
			path = Presentation;
			sourceTree = "<group>";
		};
		FD33CE1D2A69058200F4E5AE /* Data */ = {
			isa = PBXGroup;
			children = (
				FD33CE1E2A69058C00F4E5AE /* Network */,
				FD33CE1F2A69059300F4E5AE /* Service */,
			);
			path = Data;
			sourceTree = "<group>";
		};
		FD33CE1E2A69058C00F4E5AE /* Network */ = {
			isa = PBXGroup;
			children = (
				7390EF6C2A8DF74E0042A0A3 /* APIManager.swift */,
				7390EF822A8E75F50042A0A3 /* FirebaseStorageManager.swift */,
			);
			path = Network;
			sourceTree = "<group>";
		};
		FD33CE1F2A69059300F4E5AE /* Service */ = {
			isa = PBXGroup;
			children = (
				7390EF842A8E88EE0042A0A3 /* Mypage */,
				7390EF692A8DE80C0042A0A3 /* Login */,
			);
			path = Service;
			sourceTree = "<group>";
		};
		FD33CE202A6905B600F4E5AE /* Model */ = {
			isa = PBXGroup;
			children = (
				7390EF8A2A8E90C90042A0A3 /* Mypage */,
				7390EF742A8DFC410042A0A3 /* Login */,
				7390EF712A8DF7C60042A0A3 /* General */,
			);
			path = Model;
			sourceTree = "<group>";
		};
		FD33CE212A6905C700F4E5AE /* ViewModel */ = {
			isa = PBXGroup;
			children = (
				7390EF872A8E89000042A0A3 /* Mypage */,
				7390EF632A8DE6D80042A0A3 /* Login */,
			);
			path = ViewModel;
			sourceTree = "<group>";
		};
		FD33CE222A6905CD00F4E5AE /* View */ = {
			isa = PBXGroup;
			children = (
				7397F2A22A8A79100032CC21 /* Mypage */,
				73600DE62A72B57C00F9FE87 /* Login */,
			);
			path = View;
			sourceTree = "<group>";
		};
		FD33CE2E2A69074000F4E5AE /* Utility */ = {
			isa = PBXGroup;
			children = (
				7390EF662A8DE7380042A0A3 /* Enum */,
				FD33CE312A69087700F4E5AE /* Extension */,
			);
			path = Utility;
			sourceTree = "<group>";
		};
		FD33CE312A69087700F4E5AE /* Extension */ = {
			isa = PBXGroup;
			children = (
				FD33CE2F2A69077000F4E5AE /* Color+.swift */,
				73600E012A7B749700F9FE87 /* String+.swift */,
				7390EF562A8C8EF60042A0A3 /* UIButton+.swift */,
				7390EF5D2A8D2DD30042A0A3 /* CGFloat+.swift */,
			);
			path = Extension;
			sourceTree = "<group>";
		};
		FDDCCF462A55930400FEDF8E = {
			isa = PBXGroup;
			children = (
				FDDCCF512A55930400FEDF8E /* MyChore */,
				FDDCCF502A55930400FEDF8E /* Products */,
			);
			sourceTree = "<group>";
		};
		FDDCCF502A55930400FEDF8E /* Products */ = {
			isa = PBXGroup;
			children = (
				FDDCCF4F2A55930400FEDF8E /* MyChore.app */,
			);
			name = Products;
			sourceTree = "<group>";
		};
		FDDCCF512A55930400FEDF8E /* MyChore */ = {
			isa = PBXGroup;
			children = (
				FD33CE1B2A69054000F4E5AE /* Domain */,
				FD33CE1C2A69057400F4E5AE /* Presentation */,
				FD33CE1D2A69058200F4E5AE /* Data */,
				FD33CE2E2A69074000F4E5AE /* Utility */,
				FDDCCF522A55930400FEDF8E /* AppDelegate.swift */,
				FDDCCF542A55930400FEDF8E /* SceneDelegate.swift */,
				FDDCCF562A55930400FEDF8E /* ViewController.swift */,
				FDDCCF582A55930400FEDF8E /* Main.storyboard */,
				FDDCCF5B2A55930400FEDF8E /* Assets.xcassets */,
				FDDCCF5D2A55930400FEDF8E /* LaunchScreen.storyboard */,
				FDDCCF602A55930400FEDF8E /* Info.plist */,
				7390EF772A8E75410042A0A3 /* GoogleService-Info.plist */,
			);
			path = MyChore;
			sourceTree = "<group>";
		};
/* End PBXGroup section */

/* Begin PBXNativeTarget section */
		FDDCCF4E2A55930400FEDF8E /* MyChore */ = {
			isa = PBXNativeTarget;
			buildConfigurationList = FDDCCF632A55930400FEDF8E /* Build configuration list for PBXNativeTarget "MyChore" */;
			buildPhases = (
				FDDCCF4B2A55930400FEDF8E /* Sources */,
				FDDCCF4C2A55930400FEDF8E /* Frameworks */,
				FDDCCF4D2A55930400FEDF8E /* Resources */,
			);
			buildRules = (
			);
			dependencies = (
			);
			name = MyChore;
			packageProductDependencies = (
				FD33CE242A69063A00F4E5AE /* Alamofire */,
				FD33CE272A69067800F4E5AE /* SnapKit */,
				FD33CE2C2A6906F200F4E5AE /* KakaoSDK */,
				73600E042A7B7D6600F9FE87 /* IQKeyboardManagerSwift */,
				7390EF7A2A8E75D70042A0A3 /* FirebaseAuth */,
				7390EF7C2A8E75D70042A0A3 /* FirebaseFirestore */,
				7390EF7E2A8E75D70042A0A3 /* FirebaseFirestoreSwift */,
				7390EF802A8E75D70042A0A3 /* FirebaseStorage */,
				7390EF8E2A8E92FB0042A0A3 /* Kingfisher */,
			);
			productName = MyChore;
			productReference = FDDCCF4F2A55930400FEDF8E /* MyChore.app */;
			productType = "com.apple.product-type.application";
		};
/* End PBXNativeTarget section */

/* Begin PBXProject section */
		FDDCCF472A55930400FEDF8E /* Project object */ = {
			isa = PBXProject;
			attributes = {
				BuildIndependentTargetsInParallel = 1;
				LastSwiftUpdateCheck = 1420;
				LastUpgradeCheck = 1420;
				TargetAttributes = {
					FDDCCF4E2A55930400FEDF8E = {
						CreatedOnToolsVersion = 14.2;
					};
				};
			};
			buildConfigurationList = FDDCCF4A2A55930400FEDF8E /* Build configuration list for PBXProject "MyChore" */;
			compatibilityVersion = "Xcode 14.0";
			developmentRegion = en;
			hasScannedForEncodings = 0;
			knownRegions = (
				en,
				Base,
			);
			mainGroup = FDDCCF462A55930400FEDF8E;
			packageReferences = (
				FD33CE232A69063A00F4E5AE /* XCRemoteSwiftPackageReference "Alamofire" */,
				FD33CE262A69067800F4E5AE /* XCRemoteSwiftPackageReference "SnapKit" */,
				FD33CE2B2A6906F200F4E5AE /* XCRemoteSwiftPackageReference "kakao-ios-sdk" */,
				73600E032A7B7D6600F9FE87 /* XCRemoteSwiftPackageReference "IQKeyboardManager" */,
				7390EF792A8E75D70042A0A3 /* XCRemoteSwiftPackageReference "firebase-ios-sdk" */,
				7390EF8D2A8E92FB0042A0A3 /* XCRemoteSwiftPackageReference "Kingfisher" */,
			);
			productRefGroup = FDDCCF502A55930400FEDF8E /* Products */;
			projectDirPath = "";
			projectRoot = "";
			targets = (
				FDDCCF4E2A55930400FEDF8E /* MyChore */,
			);
		};
/* End PBXProject section */

/* Begin PBXResourcesBuildPhase section */
		FDDCCF4D2A55930400FEDF8E /* Resources */ = {
			isa = PBXResourcesBuildPhase;
			buildActionMask = 2147483647;
			files = (
				FDDCCF5F2A55930400FEDF8E /* LaunchScreen.storyboard in Resources */,
				FDDCCF5C2A55930400FEDF8E /* Assets.xcassets in Resources */,
				FDDCCF5A2A55930400FEDF8E /* Main.storyboard in Resources */,
				7390EF782A8E75410042A0A3 /* GoogleService-Info.plist in Resources */,
			);
			runOnlyForDeploymentPostprocessing = 0;
		};
/* End PBXResourcesBuildPhase section */

/* Begin PBXSourcesBuildPhase section */
		FDDCCF4B2A55930400FEDF8E /* Sources */ = {
			isa = PBXSourcesBuildPhase;
			buildActionMask = 2147483647;
			files = (
				7390EF592A8CB7680042A0A3 /* NotificationSettingViewController.swift in Sources */,
				FDDCCF572A55930400FEDF8E /* ViewController.swift in Sources */,
				FD33CE302A69077000F4E5AE /* Color+.swift in Sources */,
				73600E022A7B749700F9FE87 /* String+.swift in Sources */,
				7390EF862A8E88FB0042A0A3 /* MypageService.swift in Sources */,
				7390EF6D2A8DF74E0042A0A3 /* APIManager.swift in Sources */,
				7390EF622A8D37C80042A0A3 /* InfoViewController.swift in Sources */,
				7390EF5E2A8D2DD30042A0A3 /* CGFloat+.swift in Sources */,
				7390EF682A8DE7470042A0A3 /* LoginProvider.swift in Sources */,
				FDDCCF532A55930400FEDF8E /* AppDelegate.swift in Sources */,
				73600E092A7F707800F9FE87 /* TeamCodeViewController.swift in Sources */,
				7390EF552A8B45410042A0A3 /* UserInfoChangeViewController.swift in Sources */,
				7390EF732A8DF7DF0042A0A3 /* GeneralModel.swift in Sources */,
				73600E072A7B801E00F9FE87 /* UserInfoViewController.swift in Sources */,
				7390EF762A8DFC4A0042A0A3 /* LoginModel.swift in Sources */,
				7390EF5C2A8D0AD40042A0A3 /* MyPageCell.swift in Sources */,
				7390EF572A8C8EF60042A0A3 /* UIButton+.swift in Sources */,
				7390EF6B2A8DE8160042A0A3 /* LoginService.swift in Sources */,
				7390EF892A8E890D0042A0A3 /* MypageViewModel.swift in Sources */,
				73600DEA2A72C84100F9FE87 /* AgreementViewController.swift in Sources */,
				7390EF8C2A8E90D40042A0A3 /* MypageModel.swift in Sources */,
				7390EF602A8D37660042A0A3 /* InfoCell.swift in Sources */,
				73600DE82A72B59C00F9FE87 /* LoginViewController.swift in Sources */,
				73600DFE2A7B5C7600F9FE87 /* NicknameViewController.swift in Sources */,
				FDDCCF552A55930400FEDF8E /* SceneDelegate.swift in Sources */,
				7390EF832A8E75F50042A0A3 /* FirebaseStorageManager.swift in Sources */,
				7390EF652A8DE6EE0042A0A3 /* LoginViewModel.swift in Sources */,
				7397F2A62A8A79490032CC21 /* MypageMainViewController.swift in Sources */,
			);
			runOnlyForDeploymentPostprocessing = 0;
		};
/* End PBXSourcesBuildPhase section */

/* Begin PBXVariantGroup section */
		FDDCCF582A55930400FEDF8E /* Main.storyboard */ = {
			isa = PBXVariantGroup;
			children = (
				FDDCCF592A55930400FEDF8E /* Base */,
			);
			name = Main.storyboard;
			sourceTree = "<group>";
		};
		FDDCCF5D2A55930400FEDF8E /* LaunchScreen.storyboard */ = {
			isa = PBXVariantGroup;
			children = (
				FDDCCF5E2A55930400FEDF8E /* Base */,
			);
			name = LaunchScreen.storyboard;
			sourceTree = "<group>";
		};
/* End PBXVariantGroup section */

/* Begin XCBuildConfiguration section */
		FDDCCF612A55930400FEDF8E /* Debug */ = {
			isa = XCBuildConfiguration;
			buildSettings = {
				ALWAYS_SEARCH_USER_PATHS = NO;
				CLANG_ANALYZER_NONNULL = YES;
				CLANG_ANALYZER_NUMBER_OBJECT_CONVERSION = YES_AGGRESSIVE;
				CLANG_CXX_LANGUAGE_STANDARD = "gnu++20";
				CLANG_ENABLE_MODULES = YES;
				CLANG_ENABLE_OBJC_ARC = YES;
				CLANG_ENABLE_OBJC_WEAK = YES;
				CLANG_WARN_BLOCK_CAPTURE_AUTORELEASING = YES;
				CLANG_WARN_BOOL_CONVERSION = YES;
				CLANG_WARN_COMMA = YES;
				CLANG_WARN_CONSTANT_CONVERSION = YES;
				CLANG_WARN_DEPRECATED_OBJC_IMPLEMENTATIONS = YES;
				CLANG_WARN_DIRECT_OBJC_ISA_USAGE = YES_ERROR;
				CLANG_WARN_DOCUMENTATION_COMMENTS = YES;
				CLANG_WARN_EMPTY_BODY = YES;
				CLANG_WARN_ENUM_CONVERSION = YES;
				CLANG_WARN_INFINITE_RECURSION = YES;
				CLANG_WARN_INT_CONVERSION = YES;
				CLANG_WARN_NON_LITERAL_NULL_CONVERSION = YES;
				CLANG_WARN_OBJC_IMPLICIT_RETAIN_SELF = YES;
				CLANG_WARN_OBJC_LITERAL_CONVERSION = YES;
				CLANG_WARN_OBJC_ROOT_CLASS = YES_ERROR;
				CLANG_WARN_QUOTED_INCLUDE_IN_FRAMEWORK_HEADER = YES;
				CLANG_WARN_RANGE_LOOP_ANALYSIS = YES;
				CLANG_WARN_STRICT_PROTOTYPES = YES;
				CLANG_WARN_SUSPICIOUS_MOVE = YES;
				CLANG_WARN_UNGUARDED_AVAILABILITY = YES_AGGRESSIVE;
				CLANG_WARN_UNREACHABLE_CODE = YES;
				CLANG_WARN__DUPLICATE_METHOD_MATCH = YES;
				COPY_PHASE_STRIP = NO;
				DEBUG_INFORMATION_FORMAT = dwarf;
				ENABLE_STRICT_OBJC_MSGSEND = YES;
				ENABLE_TESTABILITY = YES;
				GCC_C_LANGUAGE_STANDARD = gnu11;
				GCC_DYNAMIC_NO_PIC = NO;
				GCC_NO_COMMON_BLOCKS = YES;
				GCC_OPTIMIZATION_LEVEL = 0;
				GCC_PREPROCESSOR_DEFINITIONS = (
					"DEBUG=1",
					"$(inherited)",
				);
				GCC_WARN_64_TO_32_BIT_CONVERSION = YES;
				GCC_WARN_ABOUT_RETURN_TYPE = YES_ERROR;
				GCC_WARN_UNDECLARED_SELECTOR = YES;
				GCC_WARN_UNINITIALIZED_AUTOS = YES_AGGRESSIVE;
				GCC_WARN_UNUSED_FUNCTION = YES;
				GCC_WARN_UNUSED_VARIABLE = YES;
				IPHONEOS_DEPLOYMENT_TARGET = 16.2;
				MTL_ENABLE_DEBUG_INFO = INCLUDE_SOURCE;
				MTL_FAST_MATH = YES;
				ONLY_ACTIVE_ARCH = YES;
				SDKROOT = iphoneos;
				SWIFT_ACTIVE_COMPILATION_CONDITIONS = DEBUG;
				SWIFT_OPTIMIZATION_LEVEL = "-Onone";
			};
			name = Debug;
		};
		FDDCCF622A55930400FEDF8E /* Release */ = {
			isa = XCBuildConfiguration;
			buildSettings = {
				ALWAYS_SEARCH_USER_PATHS = NO;
				CLANG_ANALYZER_NONNULL = YES;
				CLANG_ANALYZER_NUMBER_OBJECT_CONVERSION = YES_AGGRESSIVE;
				CLANG_CXX_LANGUAGE_STANDARD = "gnu++20";
				CLANG_ENABLE_MODULES = YES;
				CLANG_ENABLE_OBJC_ARC = YES;
				CLANG_ENABLE_OBJC_WEAK = YES;
				CLANG_WARN_BLOCK_CAPTURE_AUTORELEASING = YES;
				CLANG_WARN_BOOL_CONVERSION = YES;
				CLANG_WARN_COMMA = YES;
				CLANG_WARN_CONSTANT_CONVERSION = YES;
				CLANG_WARN_DEPRECATED_OBJC_IMPLEMENTATIONS = YES;
				CLANG_WARN_DIRECT_OBJC_ISA_USAGE = YES_ERROR;
				CLANG_WARN_DOCUMENTATION_COMMENTS = YES;
				CLANG_WARN_EMPTY_BODY = YES;
				CLANG_WARN_ENUM_CONVERSION = YES;
				CLANG_WARN_INFINITE_RECURSION = YES;
				CLANG_WARN_INT_CONVERSION = YES;
				CLANG_WARN_NON_LITERAL_NULL_CONVERSION = YES;
				CLANG_WARN_OBJC_IMPLICIT_RETAIN_SELF = YES;
				CLANG_WARN_OBJC_LITERAL_CONVERSION = YES;
				CLANG_WARN_OBJC_ROOT_CLASS = YES_ERROR;
				CLANG_WARN_QUOTED_INCLUDE_IN_FRAMEWORK_HEADER = YES;
				CLANG_WARN_RANGE_LOOP_ANALYSIS = YES;
				CLANG_WARN_STRICT_PROTOTYPES = YES;
				CLANG_WARN_SUSPICIOUS_MOVE = YES;
				CLANG_WARN_UNGUARDED_AVAILABILITY = YES_AGGRESSIVE;
				CLANG_WARN_UNREACHABLE_CODE = YES;
				CLANG_WARN__DUPLICATE_METHOD_MATCH = YES;
				COPY_PHASE_STRIP = NO;
				DEBUG_INFORMATION_FORMAT = "dwarf-with-dsym";
				ENABLE_NS_ASSERTIONS = NO;
				ENABLE_STRICT_OBJC_MSGSEND = YES;
				GCC_C_LANGUAGE_STANDARD = gnu11;
				GCC_NO_COMMON_BLOCKS = YES;
				GCC_WARN_64_TO_32_BIT_CONVERSION = YES;
				GCC_WARN_ABOUT_RETURN_TYPE = YES_ERROR;
				GCC_WARN_UNDECLARED_SELECTOR = YES;
				GCC_WARN_UNINITIALIZED_AUTOS = YES_AGGRESSIVE;
				GCC_WARN_UNUSED_FUNCTION = YES;
				GCC_WARN_UNUSED_VARIABLE = YES;
				IPHONEOS_DEPLOYMENT_TARGET = 16.2;
				MTL_ENABLE_DEBUG_INFO = NO;
				MTL_FAST_MATH = YES;
				SDKROOT = iphoneos;
				SWIFT_COMPILATION_MODE = wholemodule;
				SWIFT_OPTIMIZATION_LEVEL = "-O";
				VALIDATE_PRODUCT = YES;
			};
			name = Release;
		};
		FDDCCF642A55930400FEDF8E /* Debug */ = {
			isa = XCBuildConfiguration;
			buildSettings = {
				ASSETCATALOG_COMPILER_APPICON_NAME = AppIcon;
				ASSETCATALOG_COMPILER_GLOBAL_ACCENT_COLOR_NAME = AccentColor;
				CODE_SIGN_STYLE = Automatic;
				CURRENT_PROJECT_VERSION = 1;
				DEVELOPMENT_TEAM = 643M65W7HH;
				GENERATE_INFOPLIST_FILE = YES;
				INFOPLIST_FILE = MyChore/Info.plist;
				INFOPLIST_KEY_NSPhotoLibraryAddUsageDescription = "프로필 사진 선택을 위해 사진에 접근합니다.";
				INFOPLIST_KEY_UIApplicationSupportsIndirectInputEvents = YES;
				INFOPLIST_KEY_UILaunchStoryboardName = LaunchScreen;
				INFOPLIST_KEY_UIMainStoryboardFile = Main;
				INFOPLIST_KEY_UISupportedInterfaceOrientations_iPad = "UIInterfaceOrientationPortrait UIInterfaceOrientationPortraitUpsideDown UIInterfaceOrientationLandscapeLeft UIInterfaceOrientationLandscapeRight";
				INFOPLIST_KEY_UISupportedInterfaceOrientations_iPhone = "UIInterfaceOrientationPortrait UIInterfaceOrientationLandscapeLeft UIInterfaceOrientationLandscapeRight";
				IPHONEOS_DEPLOYMENT_TARGET = 14.0;
				LD_RUNPATH_SEARCH_PATHS = (
					"$(inherited)",
					"@executable_path/Frameworks",
				);
				MARKETING_VERSION = 1.0;
				PRODUCT_BUNDLE_IDENTIFIER = com.umc.MyChore;
				PRODUCT_NAME = "$(TARGET_NAME)";
				SWIFT_EMIT_LOC_STRINGS = YES;
				SWIFT_VERSION = 5.0;
				TARGETED_DEVICE_FAMILY = "1,2";
			};
			name = Debug;
		};
		FDDCCF652A55930400FEDF8E /* Release */ = {
			isa = XCBuildConfiguration;
			buildSettings = {
				ASSETCATALOG_COMPILER_APPICON_NAME = AppIcon;
				ASSETCATALOG_COMPILER_GLOBAL_ACCENT_COLOR_NAME = AccentColor;
				CODE_SIGN_STYLE = Automatic;
				CURRENT_PROJECT_VERSION = 1;
				DEVELOPMENT_TEAM = 643M65W7HH;
				GENERATE_INFOPLIST_FILE = YES;
				INFOPLIST_FILE = MyChore/Info.plist;
				INFOPLIST_KEY_NSPhotoLibraryAddUsageDescription = "프로필 사진 선택을 위해 사진에 접근합니다.";
				INFOPLIST_KEY_UIApplicationSupportsIndirectInputEvents = YES;
				INFOPLIST_KEY_UILaunchStoryboardName = LaunchScreen;
				INFOPLIST_KEY_UIMainStoryboardFile = Main;
				INFOPLIST_KEY_UISupportedInterfaceOrientations_iPad = "UIInterfaceOrientationPortrait UIInterfaceOrientationPortraitUpsideDown UIInterfaceOrientationLandscapeLeft UIInterfaceOrientationLandscapeRight";
				INFOPLIST_KEY_UISupportedInterfaceOrientations_iPhone = "UIInterfaceOrientationPortrait UIInterfaceOrientationLandscapeLeft UIInterfaceOrientationLandscapeRight";
				IPHONEOS_DEPLOYMENT_TARGET = 14.0;
				LD_RUNPATH_SEARCH_PATHS = (
					"$(inherited)",
					"@executable_path/Frameworks",
				);
				MARKETING_VERSION = 1.0;
				PRODUCT_BUNDLE_IDENTIFIER = com.umc.MyChore;
				PRODUCT_NAME = "$(TARGET_NAME)";
				SWIFT_EMIT_LOC_STRINGS = YES;
				SWIFT_VERSION = 5.0;
				TARGETED_DEVICE_FAMILY = "1,2";
			};
			name = Release;
		};
/* End XCBuildConfiguration section */

/* Begin XCConfigurationList section */
		FDDCCF4A2A55930400FEDF8E /* Build configuration list for PBXProject "MyChore" */ = {
			isa = XCConfigurationList;
			buildConfigurations = (
				FDDCCF612A55930400FEDF8E /* Debug */,
				FDDCCF622A55930400FEDF8E /* Release */,
			);
			defaultConfigurationIsVisible = 0;
			defaultConfigurationName = Release;
		};
		FDDCCF632A55930400FEDF8E /* Build configuration list for PBXNativeTarget "MyChore" */ = {
			isa = XCConfigurationList;
			buildConfigurations = (
				FDDCCF642A55930400FEDF8E /* Debug */,
				FDDCCF652A55930400FEDF8E /* Release */,
			);
			defaultConfigurationIsVisible = 0;
			defaultConfigurationName = Release;
		};
/* End XCConfigurationList section */

/* Begin XCRemoteSwiftPackageReference section */
		73600E032A7B7D6600F9FE87 /* XCRemoteSwiftPackageReference "IQKeyboardManager" */ = {
			isa = XCRemoteSwiftPackageReference;
			repositoryURL = "https://github.com/hackiftekhar/IQKeyboardManager";
			requirement = {
				kind = upToNextMajorVersion;
				minimumVersion = 6.0.0;
			};
		};
		7390EF792A8E75D70042A0A3 /* XCRemoteSwiftPackageReference "firebase-ios-sdk" */ = {
			isa = XCRemoteSwiftPackageReference;
			repositoryURL = "https://github.com/firebase/firebase-ios-sdk.git";
			requirement = {
				kind = upToNextMajorVersion;
				minimumVersion = 10.0.0;
			};
		};
		7390EF8D2A8E92FB0042A0A3 /* XCRemoteSwiftPackageReference "Kingfisher" */ = {
			isa = XCRemoteSwiftPackageReference;
			repositoryURL = "https://github.com/onevcat/Kingfisher.git";
			requirement = {
				kind = upToNextMajorVersion;
				minimumVersion = 7.0.0;
			};
		};
		FD33CE232A69063A00F4E5AE /* XCRemoteSwiftPackageReference "Alamofire" */ = {
			isa = XCRemoteSwiftPackageReference;
			repositoryURL = "https://github.com/Alamofire/Alamofire";
			requirement = {
				kind = upToNextMajorVersion;
				minimumVersion = 5.0.0;
			};
		};
		FD33CE262A69067800F4E5AE /* XCRemoteSwiftPackageReference "SnapKit" */ = {
			isa = XCRemoteSwiftPackageReference;
			repositoryURL = "https://github.com/SnapKit/SnapKit.git";
			requirement = {
				kind = upToNextMajorVersion;
				minimumVersion = 5.0.0;
			};
		};
		FD33CE2B2A6906F200F4E5AE /* XCRemoteSwiftPackageReference "kakao-ios-sdk" */ = {
			isa = XCRemoteSwiftPackageReference;
			repositoryURL = "https://github.com/kakao/kakao-ios-sdk";
			requirement = {
				kind = upToNextMajorVersion;
				minimumVersion = 2.0.0;
			};
		};
/* End XCRemoteSwiftPackageReference section */

/* Begin XCSwiftPackageProductDependency section */
		73600E042A7B7D6600F9FE87 /* IQKeyboardManagerSwift */ = {
			isa = XCSwiftPackageProductDependency;
			package = 73600E032A7B7D6600F9FE87 /* XCRemoteSwiftPackageReference "IQKeyboardManager" */;
			productName = IQKeyboardManagerSwift;
		};
		7390EF7A2A8E75D70042A0A3 /* FirebaseAuth */ = {
			isa = XCSwiftPackageProductDependency;
			package = 7390EF792A8E75D70042A0A3 /* XCRemoteSwiftPackageReference "firebase-ios-sdk" */;
			productName = FirebaseAuth;
		};
		7390EF7C2A8E75D70042A0A3 /* FirebaseFirestore */ = {
			isa = XCSwiftPackageProductDependency;
			package = 7390EF792A8E75D70042A0A3 /* XCRemoteSwiftPackageReference "firebase-ios-sdk" */;
			productName = FirebaseFirestore;
		};
		7390EF7E2A8E75D70042A0A3 /* FirebaseFirestoreSwift */ = {
			isa = XCSwiftPackageProductDependency;
			package = 7390EF792A8E75D70042A0A3 /* XCRemoteSwiftPackageReference "firebase-ios-sdk" */;
			productName = FirebaseFirestoreSwift;
		};
		7390EF802A8E75D70042A0A3 /* FirebaseStorage */ = {
			isa = XCSwiftPackageProductDependency;
			package = 7390EF792A8E75D70042A0A3 /* XCRemoteSwiftPackageReference "firebase-ios-sdk" */;
			productName = FirebaseStorage;
		};
		7390EF8E2A8E92FB0042A0A3 /* Kingfisher */ = {
			isa = XCSwiftPackageProductDependency;
			package = 7390EF8D2A8E92FB0042A0A3 /* XCRemoteSwiftPackageReference "Kingfisher" */;
			productName = Kingfisher;
		};
		FD33CE242A69063A00F4E5AE /* Alamofire */ = {
			isa = XCSwiftPackageProductDependency;
			package = FD33CE232A69063A00F4E5AE /* XCRemoteSwiftPackageReference "Alamofire" */;
			productName = Alamofire;
		};
		FD33CE272A69067800F4E5AE /* SnapKit */ = {
			isa = XCSwiftPackageProductDependency;
			package = FD33CE262A69067800F4E5AE /* XCRemoteSwiftPackageReference "SnapKit" */;
			productName = SnapKit;
		};
		FD33CE2C2A6906F200F4E5AE /* KakaoSDK */ = {
			isa = XCSwiftPackageProductDependency;
			package = FD33CE2B2A6906F200F4E5AE /* XCRemoteSwiftPackageReference "kakao-ios-sdk" */;
			productName = KakaoSDK;
		};
/* End XCSwiftPackageProductDependency section */
	};
	rootObject = FDDCCF472A55930400FEDF8E /* Project object */;
}
